
Microsoft Visual Studio Solution File, Format Version 12.00
# Visual Studio Version 17
VisualStudioVersion = 17.9.34723.18
MinimumVisualStudioVersion = 10.0.40219.1
Project("{FAE04EC0-301F-11D3-BF4B-00C04F79EFBC}") = "AISKA", "AISKA\AISKA.csproj", "{540279B6-551A-4742-92FA-68D9845009F4}"
EndProject
Global
	GlobalSection(SolutionConfigurationPlatforms) = preSolution
		Debug|Any CPU = Debug|Any CPU
		Release|Any CPU = Release|Any CPU
	EndGlobalSection
	GlobalSection(ProjectConfigurationPlatforms) = postSolution
		{540279B6-551A-4742-92FA-68D9845009F4}.Debug|Any CPU.ActiveCfg = Debug|Any CPU
		{540279B6-551A-4742-92FA-68D9845009F4}.Debug|Any CPU.Build.0 = Debug|Any CPU
		{540279B6-551A-4742-92FA-68D9845009F4}.Release|Any CPU.ActiveCfg = Release|Any CPU
		{540279B6-551A-4742-92FA-68D9845009F4}.Release|Any CPU.Build.0 = Release|Any CPU
	EndGlobalSection
	GlobalSection(SolutionProperties) = preSolution
		HideSolutionNode = FALSE
	EndGlobalSection
	GlobalSection(ExtensibilityGlobals) = postSolution
		SolutionGuid = {9CE3CD7A-6534-499A-910D-F5DBAD4B8C45}
	EndGlobalSection
EndGlobal
